
Microsoft Visual Studio Solution File, Format Version 12.00
# Visual Studio 2013
VisualStudioVersion = 12.0.31101.0
MinimumVisualStudioVersion = 10.0.40219.1
Project("{FAE04EC0-301F-11D3-BF4B-00C04F79EFBC}") = "Formula", "Formula\Formula.csproj", "{1C0C48E7-D176-4E91-8E07-030157238D98}"
EndProject
Project("{FAE04EC0-301F-11D3-BF4B-00C04F79EFBC}") = "FormulaTestCases", "TestCases\FormulaTestCases.csproj", "{A8A22F65-5C65-4C1C-B309-CB84BCFEABF4}"
EndProject
Project("{FAE04EC0-301F-11D3-BF4B-00C04F79EFBC}") = "PS2GradingTests", "PS2GradingTests\PS2GradingTests.csproj", "{5F69302B-DF29-42D2-BFE2-4A168FF4F588}"
EndProject
Project("{FAE04EC0-301F-11D3-BF4B-00C04F79EFBC}") = "DependencyGraph", "DependencyGraph\DependencyGraph.csproj", "{862EAD85-346F-4D2B-A53C-98074FF813BA}"
EndProject
Project("{FAE04EC0-301F-11D3-BF4B-00C04F79EFBC}") = "DependecyGraphTestCases", "DependecyGraphTestCases\DependecyGraphTestCases.csproj", "{3C5CCAF3-E363-4410-B569-65CF268CCB85}"
EndProject
Project("{FAE04EC0-301F-11D3-BF4B-00C04F79EFBC}") = "PS3GradingTests", "PS3GradingTests\PS3GradingTests.csproj", "{20E49A48-FE66-42A0-A597-5519C3B53F9A}"
EndProject
Project("{FAE04EC0-301F-11D3-BF4B-00C04F79EFBC}") = "Spreadsheet", "Spreadsheet\Spreadsheet.csproj", "{9025A594-DF2A-4E6A-B8C2-F087ECC3E203}"
EndProject
Project("{FAE04EC0-301F-11D3-BF4B-00C04F79EFBC}") = "Formula_GradingTests", "Formula_GradingTests\Formula_GradingTests.csproj", "{B2F8653F-87EC-469A-9C4F-5032A7412EE9}"
EndProject
Project("{FAE04EC0-301F-11D3-BF4B-00C04F79EFBC}") = "DG_GradingTests", "GradingTests\DG_GradingTests.csproj", "{D9B9B6AF-AE7F-4587-8440-D95ABB196CF3}"
EndProject
Project("{FAE04EC0-301F-11D3-BF4B-00C04F79EFBC}") = "SpreadsheetTests", "SpreadsheetTests\SpreadsheetTests.csproj", "{2B140303-3C62-44F2-AC99-BE40EDCEE163}"
EndProject
Global
	GlobalSection(SolutionConfigurationPlatforms) = preSolution
		Debug|Any CPU = Debug|Any CPU
		Release|Any CPU = Release|Any CPU
	EndGlobalSection
	GlobalSection(ProjectConfigurationPlatforms) = postSolution
		{1C0C48E7-D176-4E91-8E07-030157238D98}.Debug|Any CPU.ActiveCfg = Debug|Any CPU
		{1C0C48E7-D176-4E91-8E07-030157238D98}.Debug|Any CPU.Build.0 = Debug|Any CPU
		{1C0C48E7-D176-4E91-8E07-030157238D98}.Release|Any CPU.ActiveCfg = Release|Any CPU
		{1C0C48E7-D176-4E91-8E07-030157238D98}.Release|Any CPU.Build.0 = Release|Any CPU
		{A8A22F65-5C65-4C1C-B309-CB84BCFEABF4}.Debug|Any CPU.ActiveCfg = Debug|Any CPU
		{A8A22F65-5C65-4C1C-B309-CB84BCFEABF4}.Debug|Any CPU.Build.0 = Debug|Any CPU
		{A8A22F65-5C65-4C1C-B309-CB84BCFEABF4}.Release|Any CPU.ActiveCfg = Release|Any CPU
		{A8A22F65-5C65-4C1C-B309-CB84BCFEABF4}.Release|Any CPU.Build.0 = Release|Any CPU
		{5F69302B-DF29-42D2-BFE2-4A168FF4F588}.Debug|Any CPU.ActiveCfg = Debug|Any CPU
		{5F69302B-DF29-42D2-BFE2-4A168FF4F588}.Debug|Any CPU.Build.0 = Debug|Any CPU
		{5F69302B-DF29-42D2-BFE2-4A168FF4F588}.Release|Any CPU.ActiveCfg = Release|Any CPU
		{5F69302B-DF29-42D2-BFE2-4A168FF4F588}.Release|Any CPU.Build.0 = Release|Any CPU
		{862EAD85-346F-4D2B-A53C-98074FF813BA}.Debug|Any CPU.ActiveCfg = Debug|Any CPU
		{862EAD85-346F-4D2B-A53C-98074FF813BA}.Debug|Any CPU.Build.0 = Debug|Any CPU
		{862EAD85-346F-4D2B-A53C-98074FF813BA}.Release|Any CPU.ActiveCfg = Release|Any CPU
		{862EAD85-346F-4D2B-A53C-98074FF813BA}.Release|Any CPU.Build.0 = Release|Any CPU
		{3C5CCAF3-E363-4410-B569-65CF268CCB85}.Debug|Any CPU.ActiveCfg = Debug|Any CPU
		{3C5CCAF3-E363-4410-B569-65CF268CCB85}.Debug|Any CPU.Build.0 = Debug|Any CPU
		{3C5CCAF3-E363-4410-B569-65CF268CCB85}.Release|Any CPU.ActiveCfg = Release|Any CPU
		{3C5CCAF3-E363-4410-B569-65CF268CCB85}.Release|Any CPU.Build.0 = Release|Any CPU
		{20E49A48-FE66-42A0-A597-5519C3B53F9A}.Debug|Any CPU.ActiveCfg = Debug|Any CPU
		{20E49A48-FE66-42A0-A597-5519C3B53F9A}.Debug|Any CPU.Build.0 = Debug|Any CPU
		{20E49A48-FE66-42A0-A597-5519C3B53F9A}.Release|Any CPU.ActiveCfg = Release|Any CPU
		{20E49A48-FE66-42A0-A597-5519C3B53F9A}.Release|Any CPU.Build.0 = Release|Any CPU
		{9025A594-DF2A-4E6A-B8C2-F087ECC3E203}.Debug|Any CPU.ActiveCfg = Debug|Any CPU
		{9025A594-DF2A-4E6A-B8C2-F087ECC3E203}.Debug|Any CPU.Build.0 = Debug|Any CPU
		{9025A594-DF2A-4E6A-B8C2-F087ECC3E203}.Release|Any CPU.ActiveCfg = Release|Any CPU
		{9025A594-DF2A-4E6A-B8C2-F087ECC3E203}.Release|Any CPU.Build.0 = Release|Any CPU
		{B2F8653F-87EC-469A-9C4F-5032A7412EE9}.Debug|Any CPU.ActiveCfg = Debug|Any CPU
		{B2F8653F-87EC-469A-9C4F-5032A7412EE9}.Debug|Any CPU.Build.0 = Debug|Any CPU
		{B2F8653F-87EC-469A-9C4F-5032A7412EE9}.Release|Any CPU.ActiveCfg = Release|Any CPU
		{B2F8653F-87EC-469A-9C4F-5032A7412EE9}.Release|Any CPU.Build.0 = Release|Any CPU
		{D9B9B6AF-AE7F-4587-8440-D95ABB196CF3}.Debug|Any CPU.ActiveCfg = Debug|Any CPU
		{D9B9B6AF-AE7F-4587-8440-D95ABB196CF3}.Debug|Any CPU.Build.0 = Debug|Any CPU
		{D9B9B6AF-AE7F-4587-8440-D95ABB196CF3}.Release|Any CPU.ActiveCfg = Release|Any CPU
		{D9B9B6AF-AE7F-4587-8440-D95ABB196CF3}.Release|Any CPU.Build.0 = Release|Any CPU
		{2B140303-3C62-44F2-AC99-BE40EDCEE163}.Debug|Any CPU.ActiveCfg = Debug|Any CPU
		{2B140303-3C62-44F2-AC99-BE40EDCEE163}.Debug|Any CPU.Build.0 = Debug|Any CPU
		{2B140303-3C62-44F2-AC99-BE40EDCEE163}.Release|Any CPU.ActiveCfg = Release|Any CPU
		{2B140303-3C62-44F2-AC99-BE40EDCEE163}.Release|Any CPU.Build.0 = Release|Any CPU
	EndGlobalSection
	GlobalSection(SolutionProperties) = preSolution
		HideSolutionNode = FALSE
	EndGlobalSection
	GlobalSection(SubversionScc) = preSolution
		Svn-Managed = True
		Manager = AnkhSVN - Subversion Support for Visual Studio
	EndGlobalSection
EndGlobal
